
Microsoft Visual Studio Solution File, Format Version 12.00
# Visual Studio Version 16
VisualStudioVersion = 16.0.30709.132
MinimumVisualStudioVersion = 10.0.40219.1
Project("{9A19103F-16F7-4668-BE54-9A1E7A4F7556}") = "VirtoCommerce.SecurityModule.Data", "VirtoCommerce.SecurityModule.Data\VirtoCommerce.SecurityModule.Data.csproj", "{4E3871D4-32DD-46AC-9D0A-E0A309A40C82}"
EndProject
Project("{9A19103F-16F7-4668-BE54-9A1E7A4F7556}") = "VirtoCommerce.SecurityModule.Web", "VirtoCommerce.SecurityModule.Web\VirtoCommerce.SecurityModule.Web.csproj", "{0934E87B-3289-4520-B455-83B5ABE0E3D7}"
EndProject
Global
	GlobalSection(SolutionConfigurationPlatforms) = preSolution
		Debug|Any CPU = Debug|Any CPU
		Release|Any CPU = Release|Any CPU
	EndGlobalSection
	GlobalSection(ProjectConfigurationPlatforms) = postSolution
		{4E3871D4-32DD-46AC-9D0A-E0A309A40C82}.Debug|Any CPU.ActiveCfg = Debug|Any CPU
		{4E3871D4-32DD-46AC-9D0A-E0A309A40C82}.Debug|Any CPU.Build.0 = Debug|Any CPU
		{4E3871D4-32DD-46AC-9D0A-E0A309A40C82}.Release|Any CPU.ActiveCfg = Release|Any CPU
		{4E3871D4-32DD-46AC-9D0A-E0A309A40C82}.Release|Any CPU.Build.0 = Release|Any CPU
		{0934E87B-3289-4520-B455-83B5ABE0E3D7}.Debug|Any CPU.ActiveCfg = Debug|Any CPU
		{0934E87B-3289-4520-B455-83B5ABE0E3D7}.Debug|Any CPU.Build.0 = Debug|Any CPU
		{0934E87B-3289-4520-B455-83B5ABE0E3D7}.Release|Any CPU.ActiveCfg = Release|Any CPU
		{0934E87B-3289-4520-B455-83B5ABE0E3D7}.Release|Any CPU.Build.0 = Release|Any CPU
	EndGlobalSection
	GlobalSection(SolutionProperties) = preSolution
		HideSolutionNode = FALSE
	EndGlobalSection
	GlobalSection(ExtensibilityGlobals) = postSolution
		SolutionGuid = {45BF026C-52FA-4832-BFDA-49107417ED88}
	EndGlobalSection
EndGlobal
